# This file is autogenerated, do not edit; changes may be undone by the next 'dep ensure'.


[[projects]]
  digest = "1:f13e7d45adf46d2c6fa953b5e1734b912fbf55f67d7f072ba4adb8dd50233443"
  name = "github.com/360EntSecGroup-Skylar/excelize"
  packages = ["."]
  pruneopts = "UT"
  revision = "9e463b4614348b3ddc04b1fedd5d662845ce0fb9"

[[projects]]
  digest = "1:9a7c700c28c5e39efd8da890139d8967832657f85f6d1f5530fc6fc851c841c4"
  name = "github.com/PuerkitoBio/purell"
  packages = ["."]
  pruneopts = "UT"
  revision = "975f53781597ed779763b7b65566e74c4004d8de"

[[projects]]
  branch = "master"
  digest = "1:c739832d67eb1e9cc478a19cc1a1ccd78df0397bf8a32978b759152e205f644b"
  name = "github.com/PuerkitoBio/urlesc"
  packages = ["."]
  pruneopts = "UT"
  revision = "de5bf2ad457846296e2031421a34e2568e304e35"

[[projects]]
  digest = "1:9c0b4a40c0b93898c7f2911460fcb2d6fdab796098d478514df721c75e6cb4ce"
  name = "github.com/Unknwon/com"
  packages = ["."]
  pruneopts = "UT"
  revision = "7677a1d7c1137cd3dd5ba7a076d0c898a1ef4520"

[[projects]]
  branch = "master"
  digest = "1:315c5f2f60c76d89b871c73f9bd5fe689cad96597afd50fb9992228ef80bdd34"
  name = "github.com/alecthomas/template"
  packages = [
    ".",
    "parse",
  ]
  pruneopts = "UT"
  revision = "a0175ee3bccc567396460bf5acd36800cb10c49c"

[[projects]]
  digest = "1:68d38cf47dc758617d5aa6b403117debc3f6f7583224cce2f9925a4b35bcc3df"
  name = "github.com/astaxie/beego"
  packages = ["validation"]
  pruneopts = "UT"
  revision = "f16688817aa428d10361394015b40d096b680542"

[[projects]]
  digest = "1:7b94d37d65c0445053c6f3e73090e3966c1c29127035492c349e14f25c440359"
  name = "github.com/boombuler/barcode"
  packages = [
    ".",
    "qr",
    "utils",
  ]
  pruneopts = "UT"
  revision = "3c06908149f740ca6bd65f66e501651d8f729e70"

[[projects]]
  digest = "1:217f778e19b8d206112c21d21a7cc72ca3cb493b67631680a2324bc50335d432"
  name = "github.com/dgrijalva/jwt-go"
  packages = ["."]
  pruneopts = "UT"
  revision = "dbeaa9332f19a944acb5736b4456cfcc02140e29"
  version = "v3.1.0"

[[projects]]
  digest = "1:36fe9527deed01d2a317617e59304eb2c4ce9f8a24115bcc5c2e37b3aee5bae4"
  name = "github.com/gin-contrib/sse"
  packages = ["."]
  pruneopts = "UT"
  revision = "22d885f9ecc78bf4ee5d72b937e4bbcdc58e8cae"

[[projects]]
  digest = "1:1f2f5f63f0920536e0ecd4427003820641dbf017616c5cec62e1a68f594af7b5"
  name = "github.com/gin-gonic/gin"
  packages = [
    ".",
    "binding",
    "json",
    "render",
  ]
  pruneopts = "UT"
  revision = "5d3f30cfc81f9109850fa9043a19783cbbde68a5"

[[projects]]
  digest = "1:06e23bf826588ad4366e0dbaf5c35e5b5ea933afd47a8f11cebece7ac35b9d51"
  name = "github.com/go-ini/ini"
  packages = ["."]
  pruneopts = "UT"
  revision = "32e4be5f41bb918afb6e37c07426e2ddbcb6647e"

[[projects]]
  digest = "1:c3aa97991efc907914bfeec566b017ad28dbca582d63b586230bddac60cd7f46"
  name = "github.com/go-openapi/jsonpointer"
  packages = ["."]
  pruneopts = "UT"
  revision = "779f45308c19820f1a69e9a4cd965f496e0da10f"

[[projects]]
  digest = "1:1c24a2c6b9d03310bfee2a5fbbfda0451d484678c25a36d718d2c138bd2aaad4"
  name = "github.com/go-openapi/jsonreference"
  packages = ["."]
  pruneopts = "UT"
  revision = "36d33bfe519efae5632669801b180bf1a245da3b"

[[projects]]
  digest = "1:3576ea0a6f504aa51619a6e1d48c4f7aa8d224727f3e8018cf0c0dc40f5db9df"
  name = "github.com/go-openapi/spec"
  packages = ["."]
  pruneopts = "UT"
  revision = "d8000b5bfbd1147255710505a27c735b6b2ae2ac"

[[projects]]
  digest = "1:b324ae8d3f2d03697fce51dd4f1db6ca81cfd774fbc030998c3409d02f371f89"
  name = "github.com/go-openapi/swag"
  packages = ["."]
  pruneopts = "UT"
  revision = "ceb469cb0fdf2d792f28d771bc05da6c606f55e5"

[[projects]]
  digest = "1:45ff1c26c1bf5b1d56db009b604dc6c5aeba74ca5508c0429465452e6b5551e4"
  name = "github.com/go-sql-driver/mysql"
  packages = ["."]
  pruneopts = "UT"
  revision = "bc14601d1bd56421dd60f561e6052c9ed77f9daf"

[[projects]]
  branch = "master"
  digest = "1:7a6377256f670508711c56c25556d639e673c0fa0f519c5a758fdcbfc8af9ac8"
  name = "github.com/golang/freetype"
  packages = [
    ".",
    "raster",
    "truetype",
  ]
  pruneopts = "UT"
  revision = "e2365dfdc4a05e4b8299a783240d4a7d5a65d4e4"

[[projects]]
  digest = "1:ffc060c551980d37ee9e428ef528ee2813137249ccebb0bfc412ef83071cac91"
  name = "github.com/golang/protobuf"
  packages = ["proto"]
  pruneopts = "UT"
  revision = "bbd03ef6da3a115852eaf24c8a1c46aeb39aa175"

[[projects]]
  digest = "1:38ec74012390146c45af1f92d46e5382b50531247929ff3a685d2b2be65155ac"
  name = "github.com/gomodule/redigo"
  packages = [
    "internal",
    "redis",
  ]
  pruneopts = "UT"
  revision = "9352ab68be133885e31a43661cc42a220cb8e821"

[[projects]]
  digest = "1:1ce8bec12144459fcc20914f6e23ab80ec597d66e55f517a0495fc14c9af4ec4"
  name = "github.com/jinzhu/gorm"
  packages = [
    ".",
    "dialects/mysql",
  ]
  pruneopts = "UT"
  revision = "6e1387b44c64dce50b89c2f56ed425f5f73e417c"

[[projects]]
  digest = "1:2cf1e05311b662e68d938f6655c6c5a44ae0e6b3995e390c75fcd8224afa48df"
  name = "github.com/jinzhu/inflection"
  packages = ["."]
  pruneopts = "UT"
  revision = "1c35d901db3da928c72a72d8458480cc9ade058f"

[[projects]]
  digest = "1:3eec43205ff9031ac397bfa63f7e31df24862d0a96d82eeb390fee8527dd6b6f"
  name = "github.com/json-iterator/go"
  packages = ["."]
  pruneopts = "UT"
  revision = "f89479f5c0d83b365504d632ab57390447bb406a"

[[projects]]
  digest = "1:c191c899f253fbcb5e93730777712207aa41f024c375e07971be9607c2e73e1d"
  name = "github.com/mailru/easyjson"
  packages = [
    "buffer",
    "jlexer",
    "jwriter",
  ]
  pruneopts = "UT"
  revision = "f594efddfa171111dc4349cd6e78e8f61dc7936f"

[[projects]]
  digest = "1:0981502f9816113c9c8c4ac301583841855c8cf4da8c72f696b3ebedf6d0e4e5"
  name = "github.com/mattn/go-isatty"
  packages = ["."]
  pruneopts = "UT"
  revision = "6ca4dbf54d38eea1a992b3c722a76a5d1c4cb25c"
  version = "v0.0.4"

[[projects]]
  digest = "1:33422d238f147d247752996a26574ac48dcf472976eda7f5134015f06bf16563"
  name = "github.com/modern-go/concurrent"
  packages = ["."]
  pruneopts = "UT"
  revision = "bacd9c7ef1dd9b15be4a9909b8ac7a4e313eec94"
  version = "1.0.3"

[[projects]]
  digest = "1:e32bdbdb7c377a07a9a46378290059822efdce5c8d96fe71940d87cb4f918855"
  name = "github.com/modern-go/reflect2"
  packages = ["."]
  pruneopts = "UT"
  revision = "4b7aa43c6742a2c18fdef89dd197aaae7dac7ccd"
  version = "1.0.1"

[[projects]]
  digest = "1:5bce67c1e7f700122bb77b564d05ddef320ad0ddda5cf01196884225f27b3511"
  name = "github.com/swaggo/gin-swagger"
  packages = [
    ".",
    "swaggerFiles",
  ]
  pruneopts = "UT"
  revision = "0c6fcfd3c7f3c4e6a9e9eeba49105253c48d590e"

[[projects]]
  digest = "1:41e45b44e8ca8cb711d19eeb95f46275fb671bfbbc0738861bbe7c4ddc63220f"
  name = "github.com/swaggo/swag"
  packages = ["."]
  pruneopts = "UT"
  revision = "003fc1e3c7d847801d3cd06d8be75fe7e4312c4c"

[[projects]]
  digest = "1:f6d7308e75683979d39359de8ad04d3ae449212020bb6f126b2bf60d4dfb32ed"
  name = "github.com/tealeg/xlsx"
  packages = ["."]
  pruneopts = "UT"
  revision = "f36fa3be8893d528004c0938e06b65c67f69b76f"

[[projects]]
  digest = "1:19e9f971d12320d9fa1b6603e7943c7945f8f5e3638c3d72dd1212799cc97664"
  name = "github.com/ugorji/go"
  packages = ["codec"]
  pruneopts = "UT"
  revision = "b5b949564861e43a03568a0b134c135cf318e5c8"

[[projects]]
  digest = "1:9ad20acf690cdd6d8e6111a44f6da281ed8992e03119163fe7f10bf261a79cec"
  name = "golang.org/x/image"
  packages = [
    "font",
    "math/fixed",
  ]
  pruneopts = "UT"
  revision = "cc896f830cedae125428bc9fe1b0362aa91b3fb1"

[[projects]]
  digest = "1:605608d6fb307e0151203354bb18719fff3000d981fb9325dd370c7521449d39"
  name = "golang.org/x/net"
  packages = [
    "context",
    "idna",
    "webdav",
    "webdav/internal/xml",
  ]
  pruneopts = "UT"
  revision = "892bf7b0c6e2f93b51166bf3882e50277fa5afc6"

[[projects]]
  branch = "master"
  digest = "1:d0e9a312c4610a508569ab25e54d34600b1a96d19b1866ece104ffdf1c1b9d2c"
  name = "golang.org/x/sys"
  packages = ["unix"]
  pruneopts = "UT"
  revision = "cc5685c2db1239775905f3911f0067c0fa74762f"

[[projects]]
  digest = "1:a813e2704befe13efb3f1352c0020b503b660dcd8d35705f542d7483854573d8"
  name = "golang.org/x/text"
  packages = [
    "collate",
    "collate/build",
    "internal/colltab",
    "internal/gen",
    "internal/language",
    "internal/tag",
    "internal/triegen",
    "internal/ucd",
    "language",
    "secure/bidirule",
    "transform",
    "unicode/bidi",
    "unicode/cldr",
    "unicode/norm",
    "unicode/rangetable",
    "width",
  ]
  pruneopts = "UT"
  revision = "b7ef84aaf62aa3e70962625c80a571ae7c17cb40"

[[projects]]
  digest = "1:c25289f43ac4a68d88b02245742347c94f1e108c534dda442188015ff80669b3"
  name = "google.golang.org/appengine"
  packages = ["cloudsql"]
  pruneopts = "UT"
  revision = "e9657d882bb81064595ca3b56cbe2546bbabf7b1"
  version = "v1.4.0"

[[projects]]
  digest = "1:cbc72c4c4886a918d6ab4b95e347ffe259846260f99ebdd8a198c2331cf2b2e9"
  name = "gopkg.in/go-playground/validator.v8"
  packages = ["."]
  pruneopts = "UT"
  revision = "5f1438d3fca68893a817e4a66806cea46a9e4ebf"
  version = "v8.18.2"

[[projects]]
  digest = "1:73e6fda93622790d2371344759df06ff5ff2fac64a6b6e8832b792e7402956e7"
  name = "gopkg.in/yaml.v2"
  packages = ["."]
  pruneopts = "UT"
  revision = "d670f9405373e636a5a2765eea47fac0c9bc91a4"
  version = "v2.0.0"

[solve-meta]
  analyzer-name = "dep"
  analyzer-version = 1
  input-imports = [
    "github.com/360EntSecGroup-Skylar/excelize",
    "github.com/Unknwon/com",
    "github.com/alecthomas/template",
    "github.com/astaxie/beego/validation",
    "github.com/boombuler/barcode",
    "github.com/boombuler/barcode/qr",
    "github.com/dgrijalva/jwt-go",
    "github.com/gin-gonic/gin",
    "github.com/go-ini/ini",
    "github.com/golang/freetype",
    "github.com/gomodule/redigo/redis",
    "github.com/jinzhu/gorm",
    "github.com/jinzhu/gorm/dialects/mysql",
    "github.com/swaggo/gin-swagger",
    "github.com/swaggo/gin-swagger/swaggerFiles",
    "github.com/swaggo/swag",
    "github.com/tealeg/xlsx",
  ]
  solver-name = "gps-cdcl"
  solver-version = 1
